
Microsoft Visual Studio Solution File, Format Version 12.00
# Visual Studio Version 17
VisualStudioVersion = 17.2.32630.192
MinimumVisualStudioVersion = 10.0.40219.1
Project("{9A19103F-16F7-4668-BE54-9A1E7A4F7556}") = "CalculateAreaTest", "CalculateAreaTest\CalculateAreaTest.csproj", "{B7F6C87B-EEC0-4AFF-B059-E264F7A227DB}"
EndProject
Project("{FAE04EC0-301F-11D3-BF4B-00C04F79EFBC}") = "CalcAreaTest", "CalcAreaTest\CalcAreaTest.csproj", "{AC6EE502-6560-4F1D-B15B-81446033FE19}"
EndProject
Global
	GlobalSection(SolutionConfigurationPlatforms) = preSolution
		Debug|Any CPU = Debug|Any CPU
		Release|Any CPU = Release|Any CPU
	EndGlobalSection
	GlobalSection(ProjectConfigurationPlatforms) = postSolution
		{B7F6C87B-EEC0-4AFF-B059-E264F7A227DB}.Debug|Any CPU.ActiveCfg = Debug|Any CPU
		{B7F6C87B-EEC0-4AFF-B059-E264F7A227DB}.Debug|Any CPU.Build.0 = Debug|Any CPU
		{B7F6C87B-EEC0-4AFF-B059-E264F7A227DB}.Release|Any CPU.ActiveCfg = Release|Any CPU
		{B7F6C87B-EEC0-4AFF-B059-E264F7A227DB}.Release|Any CPU.Build.0 = Release|Any CPU
		{AC6EE502-6560-4F1D-B15B-81446033FE19}.Debug|Any CPU.ActiveCfg = Debug|Any CPU
		{AC6EE502-6560-4F1D-B15B-81446033FE19}.Debug|Any CPU.Build.0 = Debug|Any CPU
		{AC6EE502-6560-4F1D-B15B-81446033FE19}.Release|Any CPU.ActiveCfg = Release|Any CPU
		{AC6EE502-6560-4F1D-B15B-81446033FE19}.Release|Any CPU.Build.0 = Release|Any CPU
	EndGlobalSection
	GlobalSection(SolutionProperties) = preSolution
		HideSolutionNode = FALSE
	EndGlobalSection
	GlobalSection(ExtensibilityGlobals) = postSolution
		SolutionGuid = {FEC7304F-A263-4C99-AD09-B276AA50BBF1}
	EndGlobalSection
EndGlobal
